{
  "requires": true,
  "lockfileVersion": 1,
  "dependencies": {
    "@popperjs/core": {
      "version": "2.2.1",
      "resolved": "https://registry.npmjs.org/@popperjs/core/-/core-2.2.1.tgz",
      "integrity": "sha512-BChdj3idQiLi+7vPhE6gEDiPzpozvSrUqbSMoSTlRbOQkU0p6u4si0UBydegTyphsYSZC2AUHGYYICP0gqmEVg=="
    }
  }
}
